
Microsoft Visual Studio Solution File, Format Version 12.00
# Visual Studio 2012
Project("{FAE04EC0-301F-11D3-BF4B-00C04F79EFBC}") = "HybridWebViewTest", "HybridWebViewTest\HybridWebViewTest.csproj", "{582634D1-F9B0-42F1-A5FB-9F20891DCEDD}"
EndProject
Project("{FAE04EC0-301F-11D3-BF4B-00C04F79EFBC}") = "HybridWebViewTest.iOS", "iOS\HybridWebViewTest.iOS.csproj", "{21C1899B-EADD-4268-8CE4-2ACD398DC9B1}"
EndProject
Project("{FAE04EC0-301F-11D3-BF4B-00C04F79EFBC}") = "HybridWebViewTest.Droid", "Droid\HybridWebViewTest.Droid.csproj", "{7C0CB0B1-A638-4EE3-BC4A-E21D64BCE1A4}"
EndProject
Global
	GlobalSection(SolutionConfigurationPlatforms) = preSolution
		Debug|Any CPU = Debug|Any CPU
		Release|Any CPU = Release|Any CPU
		Debug|iPhoneSimulator = Debug|iPhoneSimulator
		Release|iPhone = Release|iPhone
		Release|iPhoneSimulator = Release|iPhoneSimulator
		Debug|iPhone = Debug|iPhone
	EndGlobalSection
	GlobalSection(ProjectConfigurationPlatforms) = postSolution
		{582634D1-F9B0-42F1-A5FB-9F20891DCEDD}.Debug|Any CPU.ActiveCfg = Debug|Any CPU
		{582634D1-F9B0-42F1-A5FB-9F20891DCEDD}.Debug|Any CPU.Build.0 = Debug|Any CPU
		{582634D1-F9B0-42F1-A5FB-9F20891DCEDD}.Release|Any CPU.ActiveCfg = Release|Any CPU
		{582634D1-F9B0-42F1-A5FB-9F20891DCEDD}.Release|Any CPU.Build.0 = Release|Any CPU
		{582634D1-F9B0-42F1-A5FB-9F20891DCEDD}.Debug|iPhoneSimulator.ActiveCfg = Debug|Any CPU
		{582634D1-F9B0-42F1-A5FB-9F20891DCEDD}.Debug|iPhoneSimulator.Build.0 = Debug|Any CPU
		{582634D1-F9B0-42F1-A5FB-9F20891DCEDD}.Release|iPhone.ActiveCfg = Release|Any CPU
		{582634D1-F9B0-42F1-A5FB-9F20891DCEDD}.Release|iPhone.Build.0 = Release|Any CPU
		{582634D1-F9B0-42F1-A5FB-9F20891DCEDD}.Release|iPhoneSimulator.ActiveCfg = Release|Any CPU
		{582634D1-F9B0-42F1-A5FB-9F20891DCEDD}.Release|iPhoneSimulator.Build.0 = Release|Any CPU
		{582634D1-F9B0-42F1-A5FB-9F20891DCEDD}.Debug|iPhone.ActiveCfg = Debug|Any CPU
		{582634D1-F9B0-42F1-A5FB-9F20891DCEDD}.Debug|iPhone.Build.0 = Debug|Any CPU
		{21C1899B-EADD-4268-8CE4-2ACD398DC9B1}.Debug|Any CPU.ActiveCfg = Debug|iPhoneSimulator
		{21C1899B-EADD-4268-8CE4-2ACD398DC9B1}.Debug|Any CPU.Build.0 = Debug|iPhoneSimulator
		{21C1899B-EADD-4268-8CE4-2ACD398DC9B1}.Release|Any CPU.ActiveCfg = Release|iPhone
		{21C1899B-EADD-4268-8CE4-2ACD398DC9B1}.Release|Any CPU.Build.0 = Release|iPhone
		{21C1899B-EADD-4268-8CE4-2ACD398DC9B1}.Debug|iPhoneSimulator.ActiveCfg = Debug|iPhoneSimulator
		{21C1899B-EADD-4268-8CE4-2ACD398DC9B1}.Debug|iPhoneSimulator.Build.0 = Debug|iPhoneSimulator
		{21C1899B-EADD-4268-8CE4-2ACD398DC9B1}.Release|iPhone.ActiveCfg = Release|iPhone
		{21C1899B-EADD-4268-8CE4-2ACD398DC9B1}.Release|iPhone.Build.0 = Release|iPhone
		{21C1899B-EADD-4268-8CE4-2ACD398DC9B1}.Release|iPhoneSimulator.ActiveCfg = Release|iPhoneSimulator
		{21C1899B-EADD-4268-8CE4-2ACD398DC9B1}.Release|iPhoneSimulator.Build.0 = Release|iPhoneSimulator
		{21C1899B-EADD-4268-8CE4-2ACD398DC9B1}.Debug|iPhone.ActiveCfg = Debug|iPhone
		{21C1899B-EADD-4268-8CE4-2ACD398DC9B1}.Debug|iPhone.Build.0 = Debug|iPhone
		{7C0CB0B1-A638-4EE3-BC4A-E21D64BCE1A4}.Debug|Any CPU.ActiveCfg = Debug|Any CPU
		{7C0CB0B1-A638-4EE3-BC4A-E21D64BCE1A4}.Debug|Any CPU.Build.0 = Debug|Any CPU
		{7C0CB0B1-A638-4EE3-BC4A-E21D64BCE1A4}.Release|Any CPU.ActiveCfg = Release|Any CPU
		{7C0CB0B1-A638-4EE3-BC4A-E21D64BCE1A4}.Release|Any CPU.Build.0 = Release|Any CPU
		{7C0CB0B1-A638-4EE3-BC4A-E21D64BCE1A4}.Debug|iPhoneSimulator.ActiveCfg = Debug|Any CPU
		{7C0CB0B1-A638-4EE3-BC4A-E21D64BCE1A4}.Debug|iPhoneSimulator.Build.0 = Debug|Any CPU
		{7C0CB0B1-A638-4EE3-BC4A-E21D64BCE1A4}.Release|iPhone.ActiveCfg = Release|Any CPU
		{7C0CB0B1-A638-4EE3-BC4A-E21D64BCE1A4}.Release|iPhone.Build.0 = Release|Any CPU
		{7C0CB0B1-A638-4EE3-BC4A-E21D64BCE1A4}.Release|iPhoneSimulator.ActiveCfg = Release|Any CPU
		{7C0CB0B1-A638-4EE3-BC4A-E21D64BCE1A4}.Release|iPhoneSimulator.Build.0 = Release|Any CPU
		{7C0CB0B1-A638-4EE3-BC4A-E21D64BCE1A4}.Debug|iPhone.ActiveCfg = Debug|Any CPU
		{7C0CB0B1-A638-4EE3-BC4A-E21D64BCE1A4}.Debug|iPhone.Build.0 = Debug|Any CPU
	EndGlobalSection
EndGlobal
